
Microsoft Visual Studio Solution File, Format Version 11.00
# Visual Studio 2010
Project("{FAE04EC0-301F-11D3-BF4B-00C04F79EFBC}") = "StoreManager", "StoreManager\StoreManager.csproj", "{B2985622-7231-4287-B727-F7E256B0F00F}"
EndProject
Global
	GlobalSection(SolutionConfigurationPlatforms) = preSolution
		Debug|Any CPU = Debug|Any CPU
		Release|Any CPU = Release|Any CPU
	EndGlobalSection
	GlobalSection(ProjectConfigurationPlatforms) = postSolution
		{B2985622-7231-4287-B727-F7E256B0F00F}.Debug|Any CPU.ActiveCfg = Debug|Any CPU
		{B2985622-7231-4287-B727-F7E256B0F00F}.Debug|Any CPU.Build.0 = Debug|Any CPU
		{B2985622-7231-4287-B727-F7E256B0F00F}.Release|Any CPU.ActiveCfg = Release|Any CPU
		{B2985622-7231-4287-B727-F7E256B0F00F}.Release|Any CPU.Build.0 = Release|Any CPU
	EndGlobalSection
	GlobalSection(SolutionProperties) = preSolution
		HideSolutionNode = FALSE
	EndGlobalSection
EndGlobal
